
Microsoft Visual Studio Solution File, Format Version 12.00
# Visual Studio Version 17
VisualStudioVersion = 17.0.31903.59
MinimumVisualStudioVersion = 10.0.40219.1
Project("{2150E333-8FDC-42A3-9474-1A3956D46DE8}") = "API", "API", "{C78C7C6B-F9B5-45C7-8BD7-3E71DE268262}"
EndProject
Project("{FAE04EC0-301F-11D3-BF4B-00C04F79EFBC}") = "SocietyManagerAPI", "API\SocietyManagerAPI\SocietyManagerAPI.csproj", "{CBBEDCBC-44F8-4C55-A7DD-0C2F703FEDF8}"
EndProject
Project("{2150E333-8FDC-42A3-9474-1A3956D46DE8}") = "DataLayer", "DataLayer", "{E057B410-9B6F-49CD-8435-3BC63B53A1AE}"
EndProject
Project("{FAE04EC0-301F-11D3-BF4B-00C04F79EFBC}") = "DataAccessLibrary", "DataLayer\DataAccessLibrary\DataAccessLibrary.csproj", "{8F6AFCFD-BA91-4214-9921-E82CA5E2AE82}"
EndProject
Global
	GlobalSection(SolutionConfigurationPlatforms) = preSolution
		Debug|Any CPU = Debug|Any CPU
		Release|Any CPU = Release|Any CPU
	EndGlobalSection
	GlobalSection(SolutionProperties) = preSolution
		HideSolutionNode = FALSE
	EndGlobalSection
	GlobalSection(ProjectConfigurationPlatforms) = postSolution
		{CBBEDCBC-44F8-4C55-A7DD-0C2F703FEDF8}.Debug|Any CPU.ActiveCfg = Debug|Any CPU
		{CBBEDCBC-44F8-4C55-A7DD-0C2F703FEDF8}.Debug|Any CPU.Build.0 = Debug|Any CPU
		{CBBEDCBC-44F8-4C55-A7DD-0C2F703FEDF8}.Release|Any CPU.ActiveCfg = Release|Any CPU
		{CBBEDCBC-44F8-4C55-A7DD-0C2F703FEDF8}.Release|Any CPU.Build.0 = Release|Any CPU
		{8F6AFCFD-BA91-4214-9921-E82CA5E2AE82}.Debug|Any CPU.ActiveCfg = Debug|Any CPU
		{8F6AFCFD-BA91-4214-9921-E82CA5E2AE82}.Debug|Any CPU.Build.0 = Debug|Any CPU
		{8F6AFCFD-BA91-4214-9921-E82CA5E2AE82}.Release|Any CPU.ActiveCfg = Release|Any CPU
		{8F6AFCFD-BA91-4214-9921-E82CA5E2AE82}.Release|Any CPU.Build.0 = Release|Any CPU
	EndGlobalSection
	GlobalSection(NestedProjects) = preSolution
		{CBBEDCBC-44F8-4C55-A7DD-0C2F703FEDF8} = {C78C7C6B-F9B5-45C7-8BD7-3E71DE268262}
		{8F6AFCFD-BA91-4214-9921-E82CA5E2AE82} = {E057B410-9B6F-49CD-8435-3BC63B53A1AE}
	EndGlobalSection
EndGlobal
